
Microsoft Visual Studio Solution File, Format Version 12.00
Project("{2150E333-8FDC-42A3-9474-1A3956D46DE8}") = "lab1", "lab1", "{2FF9C453-B4D4-4EC0-965B-028797DD4D44}"
	ProjectSection(SolutionItems) = preProject
		lab1\Dockerfile = lab1\Dockerfile
		lab1\start.sh = lab1\start.sh
		lab1\start.bat = lab1\start.bat
	EndProjectSection
EndProject
Project("{2150E333-8FDC-42A3-9474-1A3956D46DE8}") = "site", "site", "{BA5F378D-DBB3-454B-B85D-B5B71C934C0F}"
	ProjectSection(SolutionItems) = preProject
		lab1\site\game.js = lab1\site\game.js
		lab1\site\data.txt = lab1\site\data.txt
		lab1\site\README.md = lab1\site\README.md
		lab1\site\server.js = lab1\site\server.js
		lab1\site\style.css = lab1\site\style.css
		lab1\site\index.html = lab1\site\index.html
		lab1\site\highscore.js = lab1\site\highscore.js
	EndProjectSection
EndProject
Global
	GlobalSection(SolutionConfigurationPlatforms) = preSolution
		Debug|Any CPU = Debug|Any CPU
		Release|Any CPU = Release|Any CPU
	EndGlobalSection
	GlobalSection(ProjectConfigurationPlatforms) = postSolution
	EndGlobalSection
	GlobalSection(NestedProjects) = preSolution
		{BA5F378D-DBB3-454B-B85D-B5B71C934C0F} = {2FF9C453-B4D4-4EC0-965B-028797DD4D44}
	EndGlobalSection
EndGlobal
